{
  "nodes": {
    "ext-attrsets": {
      "flake": false,
      "locked": {
        "path": "attrsets.nix",
        "type": "path"
      },
      "original": {
        "path": "attrsets.nix",
        "type": "path"
      },
      "parent": []
    },
    "ext-modules": {
      "flake": false,
      "locked": {
        "path": "modules.nix",
        "type": "path"
      },
      "original": {
        "path": "modules.nix",
        "type": "path"
      },
      "parent": []
    },
    "ext-nixos": {
      "flake": false,
      "locked": {
        "path": "nixos.nix",
        "type": "path"
      },
      "original": {
        "path": "nixos.nix",
        "type": "path"
      },
      "parent": []
    },
    "make-options-doc": {
      "flake": false,
      "locked": {
        "dir": "nixos/lib/make-options-doc",
        "lastModified": 1774874205,
        "narHash": "sha256-VE0in9sSq+lG7CnUuTmTDN40x9yro31jbbKf278KfEI=",
        "owner": "NixOS",
        "repo": "nixpkgs",
        "rev": "56ed9a39b84feaee9624111dc86869d19f4c22f3",
        "type": "github"
      },
      "original": {
        "dir": "nixos/lib/make-options-doc",
        "owner": "NixOS",
        "ref": "nixos-25.11-small",
        "repo": "nixpkgs",
        "type": "github"
      }
    },
    "nixpkgs-lib": {
      "locked": {
        "dir": "lib",
        "lastModified": 1774874205,
        "narHash": "sha256-VE0in9sSq+lG7CnUuTmTDN40x9yro31jbbKf278KfEI=",
        "owner": "NixOS",
        "repo": "nixpkgs",
        "rev": "56ed9a39b84feaee9624111dc86869d19f4c22f3",
        "type": "github"
      },
      "original": {
        "dir": "lib",
        "owner": "NixOS",
        "ref": "nixos-25.11-small",
        "repo": "nixpkgs",
        "type": "github"
      }
    },
    "root": {
      "inputs": {
        "ext-attrsets": "ext-attrsets",
        "ext-modules": "ext-modules",
        "ext-nixos": "ext-nixos",
        "make-options-doc": "make-options-doc",
        "nixpkgs-lib": "nixpkgs-lib"
      }
    }
  },
  "root": "root",
  "version": 7
}
