{
  "nodes": {
    "devshells": {
      "inputs": {
        "flake-parts": "flake-parts"
      },
      "locked": {
        "path": "devshells",
        "type": "path"
      },
      "original": {
        "path": "devshells",
        "type": "path"
      },
      "parent": []
    },
    "docs": {
      "inputs": {
        "flake-parts": "flake-parts_2",
        "lib": "lib"
      },
      "locked": {
        "path": "docs",
        "type": "path"
      },
      "original": {
        "path": "docs",
        "type": "path"
      },
      "parent": []
    },
    "eval-config": {
      "flake": false,
      "locked": {
        "path": "eval-config.nix",
        "type": "path"
      },
      "original": {
        "path": "eval-config.nix",
        "type": "path"
      },
      "parent": [
        "docs",
        "lib"
      ]
    },
    "eval-config_2": {
      "flake": false,
      "locked": {
        "path": "eval-config.nix",
        "type": "path"
      },
      "original": {
        "path": "eval-config.nix",
        "type": "path"
      },
      "parent": [
        "lib"
      ]
    },
    "ext-attrsets": {
      "flake": false,
      "locked": {
        "path": "attrsets.nix",
        "type": "path"
      },
      "original": {
        "path": "attrsets.nix",
        "type": "path"
      },
      "parent": [
        "nixpkgs-lib"
      ]
    },
    "ext-modules": {
      "flake": false,
      "locked": {
        "path": "modules.nix",
        "type": "path"
      },
      "original": {
        "path": "modules.nix",
        "type": "path"
      },
      "parent": [
        "nixpkgs-lib"
      ]
    },
    "flake-parts": {
      "inputs": {
        "nixpkgs-lib": "nixpkgs-lib"
      },
      "locked": {
        "lastModified": 1772408722,
        "narHash": "sha256-rHuJtdcOjK7rAHpHphUb1iCvgkU3GpfvicLMwwnfMT0=",
        "owner": "hercules-ci",
        "repo": "flake-parts",
        "rev": "f20dc5d9b8027381c474144ecabc9034d6a839a3",
        "type": "github"
      },
      "original": {
        "owner": "hercules-ci",
        "repo": "flake-parts",
        "type": "github"
      }
    },
    "flake-parts_2": {
      "inputs": {
        "nixpkgs-lib": "nixpkgs-lib_2"
      },
      "locked": {
        "lastModified": 1772408722,
        "narHash": "sha256-rHuJtdcOjK7rAHpHphUb1iCvgkU3GpfvicLMwwnfMT0=",
        "owner": "hercules-ci",
        "repo": "flake-parts",
        "rev": "f20dc5d9b8027381c474144ecabc9034d6a839a3",
        "type": "github"
      },
      "original": {
        "owner": "hercules-ci",
        "repo": "flake-parts",
        "type": "github"
      }
    },
    "flake-parts_3": {
      "inputs": {
        "nixpkgs-lib": "nixpkgs-lib_3"
      },
      "locked": {
        "lastModified": 1772408722,
        "narHash": "sha256-rHuJtdcOjK7rAHpHphUb1iCvgkU3GpfvicLMwwnfMT0=",
        "owner": "hercules-ci",
        "repo": "flake-parts",
        "rev": "f20dc5d9b8027381c474144ecabc9034d6a839a3",
        "type": "github"
      },
      "original": {
        "owner": "hercules-ci",
        "repo": "flake-parts",
        "type": "github"
      }
    },
    "flake-parts_4": {
      "inputs": {
        "nixpkgs-lib": "nixpkgs-lib_4"
      },
      "locked": {
        "lastModified": 1772408722,
        "narHash": "sha256-rHuJtdcOjK7rAHpHphUb1iCvgkU3GpfvicLMwwnfMT0=",
        "owner": "hercules-ci",
        "repo": "flake-parts",
        "rev": "f20dc5d9b8027381c474144ecabc9034d6a839a3",
        "type": "github"
      },
      "original": {
        "owner": "hercules-ci",
        "repo": "flake-parts",
        "type": "github"
      }
    },
    "flake-parts_5": {
      "inputs": {
        "nixpkgs-lib": [
          "nixpkgs-lib"
        ]
      },
      "locked": {
        "lastModified": 1772408722,
        "narHash": "sha256-rHuJtdcOjK7rAHpHphUb1iCvgkU3GpfvicLMwwnfMT0=",
        "owner": "hercules-ci",
        "repo": "flake-parts",
        "rev": "f20dc5d9b8027381c474144ecabc9034d6a839a3",
        "type": "github"
      },
      "original": {
        "owner": "hercules-ci",
        "repo": "flake-parts",
        "type": "github"
      }
    },
    "flake-parts_6": {
      "inputs": {
        "nixpkgs-lib": "nixpkgs-lib_5"
      },
      "locked": {
        "lastModified": 1772408722,
        "narHash": "sha256-rHuJtdcOjK7rAHpHphUb1iCvgkU3GpfvicLMwwnfMT0=",
        "owner": "hercules-ci",
        "repo": "flake-parts",
        "rev": "f20dc5d9b8027381c474144ecabc9034d6a839a3",
        "type": "github"
      },
      "original": {
        "owner": "hercules-ci",
        "repo": "flake-parts",
        "type": "github"
      }
    },
    "lib": {
      "inputs": {
        "eval-config": "eval-config",
        "flake-parts": "flake-parts_3",
        "modules": "modules"
      },
      "locked": {
        "path": "../lib",
        "type": "path"
      },
      "original": {
        "path": "../lib",
        "type": "path"
      },
      "parent": [
        "docs"
      ]
    },
    "lib_2": {
      "inputs": {
        "eval-config": "eval-config_2",
        "flake-parts": [
          "flake-parts"
        ],
        "modules": "modules_2"
      },
      "locked": {
        "path": "lib",
        "type": "path"
      },
      "original": {
        "path": "lib",
        "type": "path"
      },
      "parent": []
    },
    "misc": {
      "inputs": {
        "flake-parts": [
          "docs",
          "lib",
          "modules",
          "flake-parts"
        ]
      },
      "locked": {
        "path": "misc",
        "type": "path"
      },
      "original": {
        "path": "misc",
        "type": "path"
      },
      "parent": [
        "docs",
        "lib",
        "modules"
      ]
    },
    "misc_2": {
      "inputs": {
        "flake-parts": [
          "lib",
          "modules",
          "flake-parts"
        ]
      },
      "locked": {
        "path": "misc",
        "type": "path"
      },
      "original": {
        "path": "misc",
        "type": "path"
      },
      "parent": [
        "lib",
        "modules"
      ]
    },
    "modules": {
      "inputs": {
        "flake-parts": "flake-parts_4",
        "misc": "misc",
        "packages": "packages",
        "tasks": "tasks"
      },
      "locked": {
        "path": "../modules",
        "type": "path"
      },
      "original": {
        "path": "../modules",
        "type": "path"
      },
      "parent": [
        "docs",
        "lib"
      ]
    },
    "modules_2": {
      "inputs": {
        "flake-parts": "flake-parts_6",
        "misc": "misc_2",
        "packages": "packages_2",
        "tasks": "tasks_2"
      },
      "locked": {
        "path": "../modules",
        "type": "path"
      },
      "original": {
        "path": "../modules",
        "type": "path"
      },
      "parent": [
        "lib"
      ]
    },
    "network-ifaces": {
      "flake": false,
      "locked": {
        "path": "network-interfaces.nix",
        "type": "path"
      },
      "original": {
        "path": "network-interfaces.nix",
        "type": "path"
      },
      "parent": [
        "docs",
        "lib",
        "modules",
        "tasks"
      ]
    },
    "network-ifaces_2": {
      "flake": false,
      "locked": {
        "path": "network-interfaces.nix",
        "type": "path"
      },
      "original": {
        "path": "network-interfaces.nix",
        "type": "path"
      },
      "parent": [
        "lib",
        "modules",
        "tasks"
      ]
    },
    "nixpkgs": {
      "locked": {
        "lastModified": 1774388614,
        "narHash": "sha256-tFwzTI0DdDzovdE9+Ras6CUss0yn8P9XV4Ja6RjA+nU=",
        "owner": "NixOS",
        "repo": "nixpkgs",
        "rev": "1073dad219cb244572b74da2b20c7fe39cb3fa9e",
        "type": "github"
      },
      "original": {
        "owner": "NixOS",
        "ref": "nixos-25.11",
        "repo": "nixpkgs",
        "type": "github"
      }
    },
    "nixpkgs-lib": {
      "locked": {
        "lastModified": 1772328832,
        "narHash": "sha256-e+/T/pmEkLP6BHhYjx6GmwP5ivonQQn0bJdH9YrRB+Q=",
        "owner": "nix-community",
        "repo": "nixpkgs.lib",
        "rev": "c185c7a5e5dd8f9add5b2f8ebeff00888b070742",
        "type": "github"
      },
      "original": {
        "owner": "nix-community",
        "repo": "nixpkgs.lib",
        "type": "github"
      }
    },
    "nixpkgs-lib_2": {
      "locked": {
        "lastModified": 1772328832,
        "narHash": "sha256-e+/T/pmEkLP6BHhYjx6GmwP5ivonQQn0bJdH9YrRB+Q=",
        "owner": "nix-community",
        "repo": "nixpkgs.lib",
        "rev": "c185c7a5e5dd8f9add5b2f8ebeff00888b070742",
        "type": "github"
      },
      "original": {
        "owner": "nix-community",
        "repo": "nixpkgs.lib",
        "type": "github"
      }
    },
    "nixpkgs-lib_3": {
      "locked": {
        "lastModified": 1772328832,
        "narHash": "sha256-e+/T/pmEkLP6BHhYjx6GmwP5ivonQQn0bJdH9YrRB+Q=",
        "owner": "nix-community",
        "repo": "nixpkgs.lib",
        "rev": "c185c7a5e5dd8f9add5b2f8ebeff00888b070742",
        "type": "github"
      },
      "original": {
        "owner": "nix-community",
        "repo": "nixpkgs.lib",
        "type": "github"
      }
    },
    "nixpkgs-lib_4": {
      "locked": {
        "lastModified": 1772328832,
        "narHash": "sha256-e+/T/pmEkLP6BHhYjx6GmwP5ivonQQn0bJdH9YrRB+Q=",
        "owner": "nix-community",
        "repo": "nixpkgs.lib",
        "rev": "c185c7a5e5dd8f9add5b2f8ebeff00888b070742",
        "type": "github"
      },
      "original": {
        "owner": "nix-community",
        "repo": "nixpkgs.lib",
        "type": "github"
      }
    },
    "nixpkgs-lib_5": {
      "locked": {
        "lastModified": 1772328832,
        "narHash": "sha256-e+/T/pmEkLP6BHhYjx6GmwP5ivonQQn0bJdH9YrRB+Q=",
        "owner": "nix-community",
        "repo": "nixpkgs.lib",
        "rev": "c185c7a5e5dd8f9add5b2f8ebeff00888b070742",
        "type": "github"
      },
      "original": {
        "owner": "nix-community",
        "repo": "nixpkgs.lib",
        "type": "github"
      }
    },
    "nixpkgs-lib_6": {
      "inputs": {
        "ext-attrsets": "ext-attrsets",
        "ext-modules": "ext-modules",
        "nixpkgs-lib": "nixpkgs-lib_7"
      },
      "locked": {
        "path": "nixpkgs-lib",
        "type": "path"
      },
      "original": {
        "path": "nixpkgs-lib",
        "type": "path"
      },
      "parent": []
    },
    "nixpkgs-lib_7": {
      "locked": {
        "dir": "lib",
        "lastModified": 1764521362,
        "narHash": "sha256-M101xMtWdF1eSD0xhiR8nG8CXRlHmv6V+VoY65Smwf4=",
        "owner": "NixOS",
        "repo": "nixpkgs",
        "rev": "871b9fd269ff6246794583ce4ee1031e1da71895",
        "type": "github"
      },
      "original": {
        "dir": "lib",
        "owner": "NixOS",
        "ref": "25.11",
        "repo": "nixpkgs",
        "type": "github"
      }
    },
    "packages": {
      "inputs": {
        "flake-parts": [
          "docs",
          "lib",
          "modules",
          "flake-parts"
        ]
      },
      "locked": {
        "path": "packages",
        "type": "path"
      },
      "original": {
        "path": "packages",
        "type": "path"
      },
      "parent": [
        "docs",
        "lib",
        "modules"
      ]
    },
    "packages_2": {
      "inputs": {
        "flake-parts": [
          "lib",
          "modules",
          "flake-parts"
        ]
      },
      "locked": {
        "path": "packages",
        "type": "path"
      },
      "original": {
        "path": "packages",
        "type": "path"
      },
      "parent": [
        "lib",
        "modules"
      ]
    },
    "root": {
      "inputs": {
        "devshells": "devshells",
        "docs": "docs",
        "flake-parts": "flake-parts_5",
        "lib": "lib_2",
        "nixpkgs": "nixpkgs",
        "nixpkgs-lib": "nixpkgs-lib_6",
        "templates": "templates",
        "tests": "tests"
      }
    },
    "tasks": {
      "inputs": {
        "flake-parts": [
          "docs",
          "lib",
          "modules",
          "flake-parts"
        ],
        "network-ifaces": "network-ifaces"
      },
      "locked": {
        "path": "tasks",
        "type": "path"
      },
      "original": {
        "path": "tasks",
        "type": "path"
      },
      "parent": [
        "docs",
        "lib",
        "modules"
      ]
    },
    "tasks_2": {
      "inputs": {
        "flake-parts": [
          "lib",
          "modules",
          "flake-parts"
        ],
        "network-ifaces": "network-ifaces_2"
      },
      "locked": {
        "path": "tasks",
        "type": "path"
      },
      "original": {
        "path": "tasks",
        "type": "path"
      },
      "parent": [
        "lib",
        "modules"
      ]
    },
    "templates": {
      "locked": {
        "path": "templates",
        "type": "path"
      },
      "original": {
        "path": "templates",
        "type": "path"
      },
      "parent": []
    },
    "tests": {
      "locked": {
        "path": "tests",
        "type": "path"
      },
      "original": {
        "path": "tests",
        "type": "path"
      },
      "parent": []
    }
  },
  "root": "root",
  "version": 7
}
